// !$*UTF8*$!
{
	archiveVersion = 1;
	classes = {
	};
	objectVersion = 46;
	objects = {

/* Begin PBXBuildFile section */
		25D5B1401965088F00A57D8D /* viz.c in Sources */ = {isa = PBXBuildFile; fileRef = 25D5B13F1965088F00A57D8D /* viz.c */; };
		2767683B1991EDB50097D604 /* pst.c in Sources */ = {isa = PBXBuildFile; fileRef = 276768391991EDB50097D604 /* pst.c */; };
		A196F4E619493CAC00C9B6F2 /* main.c in Sources */ = {isa = PBXBuildFile; fileRef = A196F4E319493CAC00C9B6F2 /* main.c */; };
		A196F4E719493CAC00C9B6F2 /* interface.c in Sources */ = {isa = PBXBuildFile; fileRef = A196F4E419493CAC00C9B6F2 /* interface.c */; };
		A196F4EE19493CFA00C9B6F2 /* nuc_code.c in Sources */ = {isa = PBXBuildFile; fileRef = A196F4EC19493CFA00C9B6F2 /* nuc_code.c */; };
		A196F4F119493E3600C9B6F2 /* misc.c in Sources */ = {isa = PBXBuildFile; fileRef = A196F4F019493E3600C9B6F2 /* misc.c */; };
		A196F4F41949408B00C9B6F2 /* io.c in Sources */ = {isa = PBXBuildFile; fileRef = A196F4F21949408B00C9B6F2 /* io.c */; };
		A196F4F7194969F600C9B6F2 /* hmm.c in Sources */ = {isa = PBXBuildFile; fileRef = A196F4F6194969F600C9B6F2 /* hmm.c */; };
/* End PBXBuildFile section */

/* Begin PBXCopyFilesBuildPhase section */
		A196F4D419493B6000C9B6F2 /* CopyFiles */ = {
			isa = PBXCopyFilesBuildPhase;
			buildActionMask = 2147483647;
			dstPath = /usr/share/man/man1/;
			dstSubfolderSpec = 0;
			files = (
			);
			runOnlyForDeploymentPostprocessing = 1;
		};
/* End PBXCopyFilesBuildPhase section */

/* Begin PBXFileReference section */
		25D5B13E1965088F00A57D8D /* viz.h */ = {isa = PBXFileReference; fileEncoding = 4; lastKnownFileType = sourcecode.c.h; name = viz.h; path = src/viz.h; sourceTree = "<group>"; };
		25D5B13F1965088F00A57D8D /* viz.c */ = {isa = PBXFileReference; fileEncoding = 4; lastKnownFileType = sourcecode.c.c; name = viz.c; path = src/viz.c; sourceTree = "<group>"; };
		276768391991EDB50097D604 /* pst.c */ = {isa = PBXFileReference; fileEncoding = 4; lastKnownFileType = sourcecode.c.c; name = pst.c; path = src/pst.c; sourceTree = "<group>"; };
		2767683A1991EDB50097D604 /* pst.h */ = {isa = PBXFileReference; fileEncoding = 4; lastKnownFileType = sourcecode.c.h; name = pst.h; path = src/pst.h; sourceTree = "<group>"; };
		278B776A19CFC19F002F1BE1 /* index.html */ = {isa = PBXFileReference; fileEncoding = 4; lastKnownFileType = text.html; name = index.html; path = doc/website/index.html; sourceTree = "<group>"; };
		278B776B19CFCD3E002F1BE1 /* README */ = {isa = PBXFileReference; fileEncoding = 4; lastKnownFileType = text; path = README; sourceTree = "<group>"; };
		A196F4D619493B6000C9B6F2 /* samstat2 */ = {isa = PBXFileReference; explicitFileType = "compiled.mach-o.executable"; includeInIndex = 0; path = samstat2; sourceTree = BUILT_PRODUCTS_DIR; };
		A196F4E219493CAC00C9B6F2 /* malloc_macro.h */ = {isa = PBXFileReference; fileEncoding = 4; lastKnownFileType = sourcecode.c.h; name = malloc_macro.h; path = src/malloc_macro.h; sourceTree = "<group>"; };
		A196F4E319493CAC00C9B6F2 /* main.c */ = {isa = PBXFileReference; fileEncoding = 4; lastKnownFileType = sourcecode.c.c; name = main.c; path = src/main.c; sourceTree = "<group>"; };
		A196F4E419493CAC00C9B6F2 /* interface.c */ = {isa = PBXFileReference; fileEncoding = 4; lastKnownFileType = sourcecode.c.c; name = interface.c; path = src/interface.c; sourceTree = "<group>"; };
		A196F4E519493CAC00C9B6F2 /* interface.h */ = {isa = PBXFileReference; fileEncoding = 4; lastKnownFileType = sourcecode.c.h; name = interface.h; path = src/interface.h; sourceTree = "<group>"; };
		A196F4E819493CB500C9B6F2 /* configure.ac */ = {isa = PBXFileReference; fileEncoding = 4; lastKnownFileType = text; path = configure.ac; sourceTree = "<group>"; };
		A196F4E919493CB500C9B6F2 /* Makefile.am */ = {isa = PBXFileReference; fileEncoding = 4; lastKnownFileType = text; path = Makefile.am; sourceTree = "<group>"; };
		A196F4EB19493CFA00C9B6F2 /* Makefile.am */ = {isa = PBXFileReference; fileEncoding = 4; lastKnownFileType = text; name = Makefile.am; path = src/Makefile.am; sourceTree = "<group>"; };
		A196F4EC19493CFA00C9B6F2 /* nuc_code.c */ = {isa = PBXFileReference; fileEncoding = 4; lastKnownFileType = sourcecode.c.c; name = nuc_code.c; path = src/nuc_code.c; sourceTree = "<group>"; };
		A196F4ED19493CFA00C9B6F2 /* nuc_code.h */ = {isa = PBXFileReference; fileEncoding = 4; lastKnownFileType = sourcecode.c.h; name = nuc_code.h; path = src/nuc_code.h; sourceTree = "<group>"; };
		A196F4EF19493E3600C9B6F2 /* misc.h */ = {isa = PBXFileReference; fileEncoding = 4; lastKnownFileType = sourcecode.c.h; name = misc.h; path = src/misc.h; sourceTree = "<group>"; };
		A196F4F019493E3600C9B6F2 /* misc.c */ = {isa = PBXFileReference; fileEncoding = 4; lastKnownFileType = sourcecode.c.c; name = misc.c; path = src/misc.c; sourceTree = "<group>"; };
		A196F4F21949408B00C9B6F2 /* io.c */ = {isa = PBXFileReference; fileEncoding = 4; lastKnownFileType = sourcecode.c.c; name = io.c; path = src/io.c; sourceTree = "<group>"; };
		A196F4F31949408B00C9B6F2 /* io.h */ = {isa = PBXFileReference; fileEncoding = 4; lastKnownFileType = sourcecode.c.h; name = io.h; path = src/io.h; sourceTree = "<group>"; };
		A196F4F5194969F600C9B6F2 /* hmm.h */ = {isa = PBXFileReference; fileEncoding = 4; lastKnownFileType = sourcecode.c.h; name = hmm.h; path = src/hmm.h; sourceTree = "<group>"; };
		A196F4F6194969F600C9B6F2 /* hmm.c */ = {isa = PBXFileReference; fileEncoding = 4; lastKnownFileType = sourcecode.c.c; name = hmm.c; path = src/hmm.c; sourceTree = "<group>"; };
/* End PBXFileReference section */

/* Begin PBXFrameworksBuildPhase section */
		A196F4D319493B6000C9B6F2 /* Frameworks */ = {
			isa = PBXFrameworksBuildPhase;
			buildActionMask = 2147483647;
			files = (
			);
			runOnlyForDeploymentPostprocessing = 0;
		};
/* End PBXFrameworksBuildPhase section */

/* Begin PBXGroup section */
		A196F4CD19493B6000C9B6F2 = {
			isa = PBXGroup;
			children = (
				278B776B19CFCD3E002F1BE1 /* README */,
				A196F4E819493CB500C9B6F2 /* configure.ac */,
				A196F4E919493CB500C9B6F2 /* Makefile.am */,
				278B776A19CFC19F002F1BE1 /* index.html */,
				A196F4EA19493CBD00C9B6F2 /* src */,
				A196F4D719493B6000C9B6F2 /* Products */,
			);
			sourceTree = "<group>";
		};
		A196F4D719493B6000C9B6F2 /* Products */ = {
			isa = PBXGroup;
			children = (
				A196F4D619493B6000C9B6F2 /* samstat2 */,
			);
			name = Products;
			sourceTree = "<group>";
		};
		A196F4EA19493CBD00C9B6F2 /* src */ = {
			isa = PBXGroup;
			children = (
				25D5B13E1965088F00A57D8D /* viz.h */,
				25D5B13F1965088F00A57D8D /* viz.c */,
				A196F4F5194969F600C9B6F2 /* hmm.h */,
				A196F4F6194969F600C9B6F2 /* hmm.c */,
				A196F4F31949408B00C9B6F2 /* io.h */,
				A196F4F21949408B00C9B6F2 /* io.c */,
				A196F4EF19493E3600C9B6F2 /* misc.h */,
				A196F4F019493E3600C9B6F2 /* misc.c */,
				A196F4EC19493CFA00C9B6F2 /* nuc_code.c */,
				A196F4ED19493CFA00C9B6F2 /* nuc_code.h */,
				A196F4E219493CAC00C9B6F2 /* malloc_macro.h */,
				A196F4E319493CAC00C9B6F2 /* main.c */,
				2767683A1991EDB50097D604 /* pst.h */,
				276768391991EDB50097D604 /* pst.c */,
				A196F4E419493CAC00C9B6F2 /* interface.c */,
				A196F4E519493CAC00C9B6F2 /* interface.h */,
				A196F4EB19493CFA00C9B6F2 /* Makefile.am */,
			);
			name = src;
			sourceTree = "<group>";
		};
/* End PBXGroup section */

/* Begin PBXNativeTarget section */
		A196F4D519493B6000C9B6F2 /* samstat2 */ = {
			isa = PBXNativeTarget;
			buildConfigurationList = A196F4DF19493B6000C9B6F2 /* Build configuration list for PBXNativeTarget "samstat2" */;
			buildPhases = (
				A196F4D219493B6000C9B6F2 /* Sources */,
				A196F4D319493B6000C9B6F2 /* Frameworks */,
				A196F4D419493B6000C9B6F2 /* CopyFiles */,
			);
			buildRules = (
			);
			dependencies = (
			);
			name = samstat2;
			productName = samstat2;
			productReference = A196F4D619493B6000C9B6F2 /* samstat2 */;
			productType = "com.apple.product-type.tool";
		};
/* End PBXNativeTarget section */

/* Begin PBXProject section */
		A196F4CE19493B6000C9B6F2 /* Project object */ = {
			isa = PBXProject;
			attributes = {
				LastUpgradeCheck = 0510;
				ORGANIZATIONNAME = lassmann;
			};
			buildConfigurationList = A196F4D119493B6000C9B6F2 /* Build configuration list for PBXProject "samstat2" */;
			compatibilityVersion = "Xcode 3.2";
			developmentRegion = English;
			hasScannedForEncodings = 0;
			knownRegions = (
				en,
			);
			mainGroup = A196F4CD19493B6000C9B6F2;
			productRefGroup = A196F4D719493B6000C9B6F2 /* Products */;
			projectDirPath = "";
			projectRoot = "";
			targets = (
				A196F4D519493B6000C9B6F2 /* samstat2 */,
			);
		};
/* End PBXProject section */

/* Begin PBXSourcesBuildPhase section */
		A196F4D219493B6000C9B6F2 /* Sources */ = {
			isa = PBXSourcesBuildPhase;
			buildActionMask = 2147483647;
			files = (
				A196F4F7194969F600C9B6F2 /* hmm.c in Sources */,
				A196F4F41949408B00C9B6F2 /* io.c in Sources */,
				A196F4EE19493CFA00C9B6F2 /* nuc_code.c in Sources */,
				25D5B1401965088F00A57D8D /* viz.c in Sources */,
				A196F4E619493CAC00C9B6F2 /* main.c in Sources */,
				2767683B1991EDB50097D604 /* pst.c in Sources */,
				A196F4E719493CAC00C9B6F2 /* interface.c in Sources */,
				A196F4F119493E3600C9B6F2 /* misc.c in Sources */,
			);
			runOnlyForDeploymentPostprocessing = 0;
		};
/* End PBXSourcesBuildPhase section */

/* Begin XCBuildConfiguration section */
		A196F4DD19493B6000C9B6F2 /* Debug */ = {
			isa = XCBuildConfiguration;
			buildSettings = {
				ALWAYS_SEARCH_USER_PATHS = NO;
				CLANG_CXX_LANGUAGE_STANDARD = "gnu++0x";
				CLANG_CXX_LIBRARY = "libc++";
				CLANG_ENABLE_MODULES = YES;
				CLANG_ENABLE_OBJC_ARC = YES;
				CLANG_WARN_BOOL_CONVERSION = YES;
				CLANG_WARN_CONSTANT_CONVERSION = YES;
				CLANG_WARN_DIRECT_OBJC_ISA_USAGE = YES_ERROR;
				CLANG_WARN_EMPTY_BODY = YES;
				CLANG_WARN_ENUM_CONVERSION = YES;
				CLANG_WARN_INT_CONVERSION = YES;
				CLANG_WARN_OBJC_ROOT_CLASS = YES_ERROR;
				CLANG_WARN__DUPLICATE_METHOD_MATCH = YES;
				COPY_PHASE_STRIP = NO;
				GCC_C_LANGUAGE_STANDARD = gnu99;
				GCC_DYNAMIC_NO_PIC = NO;
				GCC_ENABLE_OBJC_EXCEPTIONS = YES;
				GCC_OPTIMIZATION_LEVEL = 0;
				GCC_PREPROCESSOR_DEFINITIONS = (
					"DEBUG=1",
					"$(inherited)",
				);
				GCC_SYMBOLS_PRIVATE_EXTERN = NO;
				GCC_WARN_64_TO_32_BIT_CONVERSION = YES;
				GCC_WARN_ABOUT_RETURN_TYPE = YES_ERROR;
				GCC_WARN_UNDECLARED_SELECTOR = YES;
				GCC_WARN_UNINITIALIZED_AUTOS = YES_AGGRESSIVE;
				GCC_WARN_UNUSED_FUNCTION = YES;
				GCC_WARN_UNUSED_VARIABLE = YES;
				MACOSX_DEPLOYMENT_TARGET = 10.9;
				ONLY_ACTIVE_ARCH = YES;
				SDKROOT = macosx;
			};
			name = Debug;
		};
		A196F4DE19493B6000C9B6F2 /* Release */ = {
			isa = XCBuildConfiguration;
			buildSettings = {
				ALWAYS_SEARCH_USER_PATHS = NO;
				CLANG_CXX_LANGUAGE_STANDARD = "gnu++0x";
				CLANG_CXX_LIBRARY = "libc++";
				CLANG_ENABLE_MODULES = YES;
				CLANG_ENABLE_OBJC_ARC = YES;
				CLANG_WARN_BOOL_CONVERSION = YES;
				CLANG_WARN_CONSTANT_CONVERSION = YES;
				CLANG_WARN_DIRECT_OBJC_ISA_USAGE = YES_ERROR;
				CLANG_WARN_EMPTY_BODY = YES;
				CLANG_WARN_ENUM_CONVERSION = YES;
				CLANG_WARN_INT_CONVERSION = YES;
				CLANG_WARN_OBJC_ROOT_CLASS = YES_ERROR;
				CLANG_WARN__DUPLICATE_METHOD_MATCH = YES;
				COPY_PHASE_STRIP = YES;
				DEBUG_INFORMATION_FORMAT = "dwarf-with-dsym";
				ENABLE_NS_ASSERTIONS = NO;
				GCC_C_LANGUAGE_STANDARD = gnu99;
				GCC_ENABLE_OBJC_EXCEPTIONS = YES;
				GCC_WARN_64_TO_32_BIT_CONVERSION = YES;
				GCC_WARN_ABOUT_RETURN_TYPE = YES_ERROR;
				GCC_WARN_UNDECLARED_SELECTOR = YES;
				GCC_WARN_UNINITIALIZED_AUTOS = YES_AGGRESSIVE;
				GCC_WARN_UNUSED_FUNCTION = YES;
				GCC_WARN_UNUSED_VARIABLE = YES;
				MACOSX_DEPLOYMENT_TARGET = 10.9;
				SDKROOT = macosx;
			};
			name = Release;
		};
		A196F4E019493B6000C9B6F2 /* Debug */ = {
			isa = XCBuildConfiguration;
			buildSettings = {
				PRODUCT_NAME = "$(TARGET_NAME)";
			};
			name = Debug;
		};
		A196F4E119493B6000C9B6F2 /* Release */ = {
			isa = XCBuildConfiguration;
			buildSettings = {
				PRODUCT_NAME = "$(TARGET_NAME)";
			};
			name = Release;
		};
/* End XCBuildConfiguration section */

/* Begin XCConfigurationList section */
		A196F4D119493B6000C9B6F2 /* Build configuration list for PBXProject "samstat2" */ = {
			isa = XCConfigurationList;
			buildConfigurations = (
				A196F4DD19493B6000C9B6F2 /* Debug */,
				A196F4DE19493B6000C9B6F2 /* Release */,
			);
			defaultConfigurationIsVisible = 0;
			defaultConfigurationName = Release;
		};
		A196F4DF19493B6000C9B6F2 /* Build configuration list for PBXNativeTarget "samstat2" */ = {
			isa = XCConfigurationList;
			buildConfigurations = (
				A196F4E019493B6000C9B6F2 /* Debug */,
				A196F4E119493B6000C9B6F2 /* Release */,
			);
			defaultConfigurationIsVisible = 0;
			defaultConfigurationName = Release;
		};
/* End XCConfigurationList section */
	};
	rootObject = A196F4CE19493B6000C9B6F2 /* Project object */;
}
